// !$*UTF8*$!
{
	archiveVersion = 1;
	classes = {
	};
	objectVersion = 46;
	objects = {

/* Begin PBXBuildFile section */
		CE6848611EA72C8E00EDAE05 /* main.m in Sources */ = {isa = PBXBuildFile; fileRef = CE6848601EA72C8E00EDAE05 /* main.m */; };
		CE6848641EA72C8E00EDAE05 /* AppDelegate.m in Sources */ = {isa = PBXBuildFile; fileRef = CE6848631EA72C8E00EDAE05 /* AppDelegate.m */; };
		CE6848671EA72C8E00EDAE05 /* ViewController.m in Sources */ = {isa = PBXBuildFile; fileRef = CE6848661EA72C8E00EDAE05 /* ViewController.m */; };
		CE68486A1EA72C8E00EDAE05 /* Main.storyboard in Resources */ = {isa = PBXBuildFile; fileRef = CE6848681EA72C8E00EDAE05 /* Main.storyboard */; };
		CE68486C1EA72C8E00EDAE05 /* Assets.xcassets in Resources */ = {isa = PBXBuildFile; fileRef = CE68486B1EA72C8E00EDAE05 /* Assets.xcassets */; };
		CE68486F1EA72C8E00EDAE05 /* LaunchScreen.storyboard in Resources */ = {isa = PBXBuildFile; fileRef = CE68486D1EA72C8E00EDAE05 /* LaunchScreen.storyboard */; };
		CE6848791EA72CAD00EDAE05 /* CRBatchQueue.m in Sources */ = {isa = PBXBuildFile; fileRef = CE6848781EA72CAD00EDAE05 /* CRBatchQueue.m */; };
/* End PBXBuildFile section */

/* Begin PBXFileReference section */
		CE68485C1EA72C8E00EDAE05 /* CRBatchQueue.app */ = {isa = PBXFileReference; explicitFileType = wrapper.application; includeInIndex = 0; path = CRBatchQueue.app; sourceTree = BUILT_PRODUCTS_DIR; };
		CE6848601EA72C8E00EDAE05 /* main.m */ = {isa = PBXFileReference; lastKnownFileType = sourcecode.c.objc; path = main.m; sourceTree = "<group>"; };
		CE6848621EA72C8E00EDAE05 /* AppDelegate.h */ = {isa = PBXFileReference; lastKnownFileType = sourcecode.c.h; path = AppDelegate.h; sourceTree = "<group>"; };
		CE6848631EA72C8E00EDAE05 /* AppDelegate.m */ = {isa = PBXFileReference; lastKnownFileType = sourcecode.c.objc; path = AppDelegate.m; sourceTree = "<group>"; };
		CE6848651EA72C8E00EDAE05 /* ViewController.h */ = {isa = PBXFileReference; lastKnownFileType = sourcecode.c.h; path = ViewController.h; sourceTree = "<group>"; };
		CE6848661EA72C8E00EDAE05 /* ViewController.m */ = {isa = PBXFileReference; lastKnownFileType = sourcecode.c.objc; path = ViewController.m; sourceTree = "<group>"; };
		CE6848691EA72C8E00EDAE05 /* Base */ = {isa = PBXFileReference; lastKnownFileType = file.storyboard; name = Base; path = Base.lproj/Main.storyboard; sourceTree = "<group>"; };
		CE68486B1EA72C8E00EDAE05 /* Assets.xcassets */ = {isa = PBXFileReference; lastKnownFileType = folder.assetcatalog; path = Assets.xcassets; sourceTree = "<group>"; };
		CE68486E1EA72C8E00EDAE05 /* Base */ = {isa = PBXFileReference; lastKnownFileType = file.storyboard; name = Base; path = Base.lproj/LaunchScreen.storyboard; sourceTree = "<group>"; };
		CE6848701EA72C8E00EDAE05 /* Info.plist */ = {isa = PBXFileReference; lastKnownFileType = text.plist.xml; path = Info.plist; sourceTree = "<group>"; };
		CE6848771EA72CAD00EDAE05 /* CRBatchQueue.h */ = {isa = PBXFileReference; fileEncoding = 4; lastKnownFileType = sourcecode.c.h; path = CRBatchQueue.h; sourceTree = "<group>"; };
		CE6848781EA72CAD00EDAE05 /* CRBatchQueue.m */ = {isa = PBXFileReference; fileEncoding = 4; lastKnownFileType = sourcecode.c.objc; path = CRBatchQueue.m; sourceTree = "<group>"; };
/* End PBXFileReference section */

/* Begin PBXFrameworksBuildPhase section */
		CE6848591EA72C8E00EDAE05 /* Frameworks */ = {
			isa = PBXFrameworksBuildPhase;
			buildActionMask = 2147483647;
			files = (
			);
			runOnlyForDeploymentPostprocessing = 0;
		};
/* End PBXFrameworksBuildPhase section */

/* Begin PBXGroup section */
		CE6848531EA72C8E00EDAE05 = {
			isa = PBXGroup;
			children = (
				CE68485E1EA72C8E00EDAE05 /* CRBatchQueue */,
				CE68485D1EA72C8E00EDAE05 /* Products */,
			);
			sourceTree = "<group>";
		};
		CE68485D1EA72C8E00EDAE05 /* Products */ = {
			isa = PBXGroup;
			children = (
				CE68485C1EA72C8E00EDAE05 /* CRBatchQueue.app */,
			);
			name = Products;
			sourceTree = "<group>";
		};
		CE68485E1EA72C8E00EDAE05 /* CRBatchQueue */ = {
			isa = PBXGroup;
			children = (
				CE6848761EA72CAD00EDAE05 /* CRBatchQueue */,
				CE6848621EA72C8E00EDAE05 /* AppDelegate.h */,
				CE6848631EA72C8E00EDAE05 /* AppDelegate.m */,
				CE6848651EA72C8E00EDAE05 /* ViewController.h */,
				CE6848661EA72C8E00EDAE05 /* ViewController.m */,
				CE6848681EA72C8E00EDAE05 /* Main.storyboard */,
				CE68486B1EA72C8E00EDAE05 /* Assets.xcassets */,
				CE68486D1EA72C8E00EDAE05 /* LaunchScreen.storyboard */,
				CE6848701EA72C8E00EDAE05 /* Info.plist */,
				CE68485F1EA72C8E00EDAE05 /* Supporting Files */,
			);
			path = CRBatchQueue;
			sourceTree = "<group>";
		};
		CE68485F1EA72C8E00EDAE05 /* Supporting Files */ = {
			isa = PBXGroup;
			children = (
				CE6848601EA72C8E00EDAE05 /* main.m */,
			);
			name = "Supporting Files";
			sourceTree = "<group>";
		};
		CE6848761EA72CAD00EDAE05 /* CRBatchQueue */ = {
			isa = PBXGroup;
			children = (
				CE6848771EA72CAD00EDAE05 /* CRBatchQueue.h */,
				CE6848781EA72CAD00EDAE05 /* CRBatchQueue.m */,
			);
			path = CRBatchQueue;
			sourceTree = "<group>";
		};
/* End PBXGroup section */

/* Begin PBXNativeTarget section */
		CE68485B1EA72C8E00EDAE05 /* CRBatchQueue */ = {
			isa = PBXNativeTarget;
			buildConfigurationList = CE6848731EA72C8E00EDAE05 /* Build configuration list for PBXNativeTarget "CRBatchQueue" */;
			buildPhases = (
				CE6848581EA72C8E00EDAE05 /* Sources */,
				CE6848591EA72C8E00EDAE05 /* Frameworks */,
				CE68485A1EA72C8E00EDAE05 /* Resources */,
			);
			buildRules = (
			);
			dependencies = (
			);
			name = CRBatchQueue;
			productName = CRBatchQueue;
			productReference = CE68485C1EA72C8E00EDAE05 /* CRBatchQueue.app */;
			productType = "com.apple.product-type.application";
		};
/* End PBXNativeTarget section */

/* Begin PBXProject section */
		CE6848541EA72C8E00EDAE05 /* Project object */ = {
			isa = PBXProject;
			attributes = {
				LastUpgradeCheck = 0820;
				ORGANIZATIONNAME = Charon;
				TargetAttributes = {
					CE68485B1EA72C8E00EDAE05 = {
						CreatedOnToolsVersion = 8.2.1;
						ProvisioningStyle = Automatic;
					};
				};
			};
			buildConfigurationList = CE6848571EA72C8E00EDAE05 /* Build configuration list for PBXProject "CRBatchQueue" */;
			compatibilityVersion = "Xcode 3.2";
			developmentRegion = English;
			hasScannedForEncodings = 0;
			knownRegions = (
				en,
				Base,
			);
			mainGroup = CE6848531EA72C8E00EDAE05;
			productRefGroup = CE68485D1EA72C8E00EDAE05 /* Products */;
			projectDirPath = "";
			projectRoot = "";
			targets = (
				CE68485B1EA72C8E00EDAE05 /* CRBatchQueue */,
			);
		};
/* End PBXProject section */

/* Begin PBXResourcesBuildPhase section */
		CE68485A1EA72C8E00EDAE05 /* Resources */ = {
			isa = PBXResourcesBuildPhase;
			buildActionMask = 2147483647;
			files = (
				CE68486F1EA72C8E00EDAE05 /* LaunchScreen.storyboard in Resources */,
				CE68486C1EA72C8E00EDAE05 /* Assets.xcassets in Resources */,
				CE68486A1EA72C8E00EDAE05 /* Main.storyboard in Resources */,
			);
			runOnlyForDeploymentPostprocessing = 0;
		};
/* End PBXResourcesBuildPhase section */

/* Begin PBXSourcesBuildPhase section */
		CE6848581EA72C8E00EDAE05 /* Sources */ = {
			isa = PBXSourcesBuildPhase;
			buildActionMask = 2147483647;
			files = (
				CE6848671EA72C8E00EDAE05 /* ViewController.m in Sources */,
				CE6848791EA72CAD00EDAE05 /* CRBatchQueue.m in Sources */,
				CE6848641EA72C8E00EDAE05 /* AppDelegate.m in Sources */,
				CE6848611EA72C8E00EDAE05 /* main.m in Sources */,
			);
			runOnlyForDeploymentPostprocessing = 0;
		};
/* End PBXSourcesBuildPhase section */

/* Begin PBXVariantGroup section */
		CE6848681EA72C8E00EDAE05 /* Main.storyboard */ = {
			isa = PBXVariantGroup;
			children = (
				CE6848691EA72C8E00EDAE05 /* Base */,
			);
			name = Main.storyboard;
			sourceTree = "<group>";
		};
		CE68486D1EA72C8E00EDAE05 /* LaunchScreen.storyboard */ = {
			isa = PBXVariantGroup;
			children = (
				CE68486E1EA72C8E00EDAE05 /* Base */,
			);
			name = LaunchScreen.storyboard;
			sourceTree = "<group>";
		};
/* End PBXVariantGroup section */

/* Begin XCBuildConfiguration section */
		CE6848711EA72C8E00EDAE05 /* Debug */ = {
			isa = XCBuildConfiguration;
			buildSettings = {
				ALWAYS_SEARCH_USER_PATHS = NO;
				CLANG_ANALYZER_NONNULL = YES;
				CLANG_CXX_LANGUAGE_STANDARD = "gnu++0x";
				CLANG_CXX_LIBRARY = "libc++";
				CLANG_ENABLE_MODULES = YES;
				CLANG_ENABLE_OBJC_ARC = YES;
				CLANG_WARN_BOOL_CONVERSION = YES;
				CLANG_WARN_CONSTANT_CONVERSION = YES;
				CLANG_WARN_DIRECT_OBJC_ISA_USAGE = YES_ERROR;
				CLANG_WARN_DOCUMENTATION_COMMENTS = YES;
				CLANG_WARN_EMPTY_BODY = YES;
				CLANG_WARN_ENUM_CONVERSION = YES;
				CLANG_WARN_INFINITE_RECURSION = YES;
				CLANG_WARN_INT_CONVERSION = YES;
				CLANG_WARN_OBJC_ROOT_CLASS = YES_ERROR;
				CLANG_WARN_SUSPICIOUS_MOVE = YES;
				CLANG_WARN_UNREACHABLE_CODE = YES;
				CLANG_WARN__DUPLICATE_METHOD_MATCH = YES;
				"CODE_SIGN_IDENTITY[sdk=iphoneos*]" = "iPhone Developer";
				COPY_PHASE_STRIP = NO;
				DEBUG_INFORMATION_FORMAT = dwarf;
				ENABLE_STRICT_OBJC_MSGSEND = YES;
				ENABLE_TESTABILITY = YES;
				GCC_C_LANGUAGE_STANDARD = gnu99;
				GCC_DYNAMIC_NO_PIC = NO;
				GCC_NO_COMMON_BLOCKS = YES;
				GCC_OPTIMIZATION_LEVEL = 0;
				GCC_PREPROCESSOR_DEFINITIONS = (
					"DEBUG=1",
					"$(inherited)",
				);
				GCC_WARN_64_TO_32_BIT_CONVERSION = YES;
				GCC_WARN_ABOUT_RETURN_TYPE = YES_ERROR;
				GCC_WARN_UNDECLARED_SELECTOR = YES;
				GCC_WARN_UNINITIALIZED_AUTOS = YES_AGGRESSIVE;
				GCC_WARN_UNUSED_FUNCTION = YES;
				GCC_WARN_UNUSED_VARIABLE = YES;
				IPHONEOS_DEPLOYMENT_TARGET = 10.2;
				MTL_ENABLE_DEBUG_INFO = YES;
				ONLY_ACTIVE_ARCH = YES;
				SDKROOT = iphoneos;
			};
			name = Debug;
		};
		CE6848721EA72C8E00EDAE05 /* Release */ = {
			isa = XCBuildConfiguration;
			buildSettings = {
				ALWAYS_SEARCH_USER_PATHS = NO;
				CLANG_ANALYZER_NONNULL = YES;
				CLANG_CXX_LANGUAGE_STANDARD = "gnu++0x";
				CLANG_CXX_LIBRARY = "libc++";
				CLANG_ENABLE_MODULES = YES;
				CLANG_ENABLE_OBJC_ARC = YES;
				CLANG_WARN_BOOL_CONVERSION = YES;
				CLANG_WARN_CONSTANT_CONVERSION = YES;
				CLANG_WARN_DIRECT_OBJC_ISA_USAGE = YES_ERROR;
				CLANG_WARN_DOCUMENTATION_COMMENTS = YES;
				CLANG_WARN_EMPTY_BODY = YES;
				CLANG_WARN_ENUM_CONVERSION = YES;
				CLANG_WARN_INFINITE_RECURSION = YES;
				CLANG_WARN_INT_CONVERSION = YES;
				CLANG_WARN_OBJC_ROOT_CLASS = YES_ERROR;
				CLANG_WARN_SUSPICIOUS_MOVE = YES;
				CLANG_WARN_UNREACHABLE_CODE = YES;
				CLANG_WARN__DUPLICATE_METHOD_MATCH = YES;
				"CODE_SIGN_IDENTITY[sdk=iphoneos*]" = "iPhone Developer";
				COPY_PHASE_STRIP = NO;
				DEBUG_INFORMATION_FORMAT = "dwarf-with-dsym";
				ENABLE_NS_ASSERTIONS = NO;
				ENABLE_STRICT_OBJC_MSGSEND = YES;
				GCC_C_LANGUAGE_STANDARD = gnu99;
				GCC_NO_COMMON_BLOCKS = YES;
				GCC_WARN_64_TO_32_BIT_CONVERSION = YES;
				GCC_WARN_ABOUT_RETURN_TYPE = YES_ERROR;
				GCC_WARN_UNDECLARED_SELECTOR = YES;
				GCC_WARN_UNINITIALIZED_AUTOS = YES_AGGRESSIVE;
				GCC_WARN_UNUSED_FUNCTION = YES;
				GCC_WARN_UNUSED_VARIABLE = YES;
				IPHONEOS_DEPLOYMENT_TARGET = 10.2;
				MTL_ENABLE_DEBUG_INFO = NO;
				SDKROOT = iphoneos;
				VALIDATE_PRODUCT = YES;
			};
			name = Release;
		};
		CE6848741EA72C8E00EDAE05 /* Debug */ = {
			isa = XCBuildConfiguration;
			buildSettings = {
				ASSETCATALOG_COMPILER_APPICON_NAME = AppIcon;
				INFOPLIST_FILE = CRBatchQueue/Info.plist;
				LD_RUNPATH_SEARCH_PATHS = "$(inherited) @executable_path/Frameworks";
				PRODUCT_BUNDLE_IDENTIFIER = com.CRBatchQueue;
				PRODUCT_NAME = "$(TARGET_NAME)";
			};
			name = Debug;
		};
		CE6848751EA72C8E00EDAE05 /* Release */ = {
			isa = XCBuildConfiguration;
			buildSettings = {
				ASSETCATALOG_COMPILER_APPICON_NAME = AppIcon;
				INFOPLIST_FILE = CRBatchQueue/Info.plist;
				LD_RUNPATH_SEARCH_PATHS = "$(inherited) @executable_path/Frameworks";
				PRODUCT_BUNDLE_IDENTIFIER = com.CRBatchQueue;
				PRODUCT_NAME = "$(TARGET_NAME)";
			};
			name = Release;
		};
/* End XCBuildConfiguration section */

/* Begin XCConfigurationList section */
		CE6848571EA72C8E00EDAE05 /* Build configuration list for PBXProject "CRBatchQueue" */ = {
			isa = XCConfigurationList;
			buildConfigurations = (
				CE6848711EA72C8E00EDAE05 /* Debug */,
				CE6848721EA72C8E00EDAE05 /* Release */,
			);
			defaultConfigurationIsVisible = 0;
			defaultConfigurationName = Release;
		};
		CE6848731EA72C8E00EDAE05 /* Build configuration list for PBXNativeTarget "CRBatchQueue" */ = {
			isa = XCConfigurationList;
			buildConfigurations = (
				CE6848741EA72C8E00EDAE05 /* Debug */,
				CE6848751EA72C8E00EDAE05 /* Release */,
			);
			defaultConfigurationIsVisible = 0;
		};
/* End XCConfigurationList section */
	};
	rootObject = CE6848541EA72C8E00EDAE05 /* Project object */;
}
